
Microsoft Visual Studio Solution File, Format Version 12.00
# Visual Studio Version 16
VisualStudioVersion = 16.0.30204.135
MinimumVisualStudioVersion = 10.0.40219.1
Project("{FAE04EC0-301F-11D3-BF4B-00C04F79EFBC}") = "TimeLapseCreator", "TimeLapseCreator\TimeLapseCreator.csproj", "{65C0EB81-8A10-4017-A22B-35B564230133}"
EndProject
Global
	GlobalSection(SolutionConfigurationPlatforms) = preSolution
		Debug|Any CPU = Debug|Any CPU
		Release|Any CPU = Release|Any CPU
	EndGlobalSection
	GlobalSection(ProjectConfigurationPlatforms) = postSolution
		{65C0EB81-8A10-4017-A22B-35B564230133}.Debug|Any CPU.ActiveCfg = Debug|Any CPU
		{65C0EB81-8A10-4017-A22B-35B564230133}.Debug|Any CPU.Build.0 = Debug|Any CPU
		{65C0EB81-8A10-4017-A22B-35B564230133}.Release|Any CPU.ActiveCfg = Release|Any CPU
		{65C0EB81-8A10-4017-A22B-35B564230133}.Release|Any CPU.Build.0 = Release|Any CPU
	EndGlobalSection
	GlobalSection(SolutionProperties) = preSolution
		HideSolutionNode = FALSE
	EndGlobalSection
	GlobalSection(ExtensibilityGlobals) = postSolution
		SolutionGuid = {F391DCD2-DF02-4819-A88B-2D68851FAFDB}
	EndGlobalSection
EndGlobal
